
Microsoft Visual Studio Solution File, Format Version 12.00
# Visual Studio 15
Project("{FAE04EC0-301F-11D3-BF4B-00C04F79EFBC}") = "ID3.Android", "ID3.Android\ID3.Android.csproj", "{832BD84C-E1E4-4CC0-9FDB-8BD21D661D8F}"
EndProject
Project("{FAE04EC0-301F-11D3-BF4B-00C04F79EFBC}") = "ID3.iOS", "ID3.iOS\ID3.iOS.csproj", "{033F4849-63A2-4DF9-938C-BF8D7FF1F484}"
EndProject
Project("{FAE04EC0-301F-11D3-BF4B-00C04F79EFBC}") = "ID3", "ID3\ID3.csproj", "{67CD7EF9-7398-40DB-B97D-6BCAF344B8F5}"
EndProject
Global
	GlobalSection(SolutionConfigurationPlatforms) = preSolution
		Debug|Any CPU = Debug|Any CPU
		Release|Any CPU = Release|Any CPU
		Debug|iPhoneSimulator = Debug|iPhoneSimulator
		Release|iPhoneSimulator = Release|iPhoneSimulator
		Debug|iPhone = Debug|iPhone
		Release|iPhone = Release|iPhone
	EndGlobalSection
	GlobalSection(ProjectConfigurationPlatforms) = postSolution
		{832BD84C-E1E4-4CC0-9FDB-8BD21D661D8F}.Debug|Any CPU.ActiveCfg = Debug|Any CPU
		{832BD84C-E1E4-4CC0-9FDB-8BD21D661D8F}.Debug|Any CPU.Build.0 = Debug|Any CPU
		{832BD84C-E1E4-4CC0-9FDB-8BD21D661D8F}.Release|Any CPU.ActiveCfg = Release|Any CPU
		{832BD84C-E1E4-4CC0-9FDB-8BD21D661D8F}.Release|Any CPU.Build.0 = Release|Any CPU
		{832BD84C-E1E4-4CC0-9FDB-8BD21D661D8F}.Debug|iPhoneSimulator.ActiveCfg = Debug|Any CPU
		{832BD84C-E1E4-4CC0-9FDB-8BD21D661D8F}.Debug|iPhoneSimulator.Build.0 = Debug|Any CPU
		{832BD84C-E1E4-4CC0-9FDB-8BD21D661D8F}.Release|iPhoneSimulator.ActiveCfg = Release|Any CPU
		{832BD84C-E1E4-4CC0-9FDB-8BD21D661D8F}.Release|iPhoneSimulator.Build.0 = Release|Any CPU
		{832BD84C-E1E4-4CC0-9FDB-8BD21D661D8F}.Debug|iPhone.ActiveCfg = Debug|Any CPU
		{832BD84C-E1E4-4CC0-9FDB-8BD21D661D8F}.Debug|iPhone.Build.0 = Debug|Any CPU
		{832BD84C-E1E4-4CC0-9FDB-8BD21D661D8F}.Release|iPhone.ActiveCfg = Release|Any CPU
		{832BD84C-E1E4-4CC0-9FDB-8BD21D661D8F}.Release|iPhone.Build.0 = Release|Any CPU
		{033F4849-63A2-4DF9-938C-BF8D7FF1F484}.Debug|Any CPU.ActiveCfg = Debug|iPhoneSimulator
		{033F4849-63A2-4DF9-938C-BF8D7FF1F484}.Debug|Any CPU.Build.0 = Debug|iPhoneSimulator
		{033F4849-63A2-4DF9-938C-BF8D7FF1F484}.Release|Any CPU.ActiveCfg = Release|iPhoneSimulator
		{033F4849-63A2-4DF9-938C-BF8D7FF1F484}.Release|Any CPU.Build.0 = Release|iPhoneSimulator
		{033F4849-63A2-4DF9-938C-BF8D7FF1F484}.Debug|iPhoneSimulator.ActiveCfg = Debug|iPhoneSimulator
		{033F4849-63A2-4DF9-938C-BF8D7FF1F484}.Debug|iPhoneSimulator.Build.0 = Debug|iPhoneSimulator
		{033F4849-63A2-4DF9-938C-BF8D7FF1F484}.Release|iPhoneSimulator.ActiveCfg = Release|iPhoneSimulator
		{033F4849-63A2-4DF9-938C-BF8D7FF1F484}.Release|iPhoneSimulator.Build.0 = Release|iPhoneSimulator
		{033F4849-63A2-4DF9-938C-BF8D7FF1F484}.Debug|iPhone.ActiveCfg = Debug|iPhone
		{033F4849-63A2-4DF9-938C-BF8D7FF1F484}.Debug|iPhone.Build.0 = Debug|iPhone
		{033F4849-63A2-4DF9-938C-BF8D7FF1F484}.Release|iPhone.ActiveCfg = Release|iPhone
		{033F4849-63A2-4DF9-938C-BF8D7FF1F484}.Release|iPhone.Build.0 = Release|iPhone
		{67CD7EF9-7398-40DB-B97D-6BCAF344B8F5}.Debug|Any CPU.ActiveCfg = Debug|Any CPU
		{67CD7EF9-7398-40DB-B97D-6BCAF344B8F5}.Debug|Any CPU.Build.0 = Debug|Any CPU
		{67CD7EF9-7398-40DB-B97D-6BCAF344B8F5}.Release|Any CPU.ActiveCfg = Release|Any CPU
		{67CD7EF9-7398-40DB-B97D-6BCAF344B8F5}.Release|Any CPU.Build.0 = Release|Any CPU
		{67CD7EF9-7398-40DB-B97D-6BCAF344B8F5}.Debug|iPhoneSimulator.ActiveCfg = Debug|Any CPU
		{67CD7EF9-7398-40DB-B97D-6BCAF344B8F5}.Debug|iPhoneSimulator.Build.0 = Debug|Any CPU
		{67CD7EF9-7398-40DB-B97D-6BCAF344B8F5}.Release|iPhoneSimulator.ActiveCfg = Release|Any CPU
		{67CD7EF9-7398-40DB-B97D-6BCAF344B8F5}.Release|iPhoneSimulator.Build.0 = Release|Any CPU
		{67CD7EF9-7398-40DB-B97D-6BCAF344B8F5}.Debug|iPhone.ActiveCfg = Debug|Any CPU
		{67CD7EF9-7398-40DB-B97D-6BCAF344B8F5}.Debug|iPhone.Build.0 = Debug|Any CPU
		{67CD7EF9-7398-40DB-B97D-6BCAF344B8F5}.Release|iPhone.ActiveCfg = Release|Any CPU
		{67CD7EF9-7398-40DB-B97D-6BCAF344B8F5}.Release|iPhone.Build.0 = Release|Any CPU
	EndGlobalSection
EndGlobal
